
Microsoft Visual Studio Solution File, Format Version 12.00
# Visual Studio Version 16
VisualStudioVersion = 16.0.30225.117
MinimumVisualStudioVersion = 10.0.40219.1
Project("{9A19103F-16F7-4668-BE54-9A1E7A4F7556}") = "Lines", "Lines.csproj", "{38BC9296-EB37-4D99-8448-FF9EE6989151}"
EndProject
Project("{FAE04EC0-301F-11D3-BF4B-00C04F79EFBC}") = "LinesWithUI", "LinesWithUI\LinesWithUI.csproj", "{40AAB26F-B176-4479-A817-7CE67CB1C464}"
EndProject
Global
	GlobalSection(SolutionConfigurationPlatforms) = preSolution
		Debug|Any CPU = Debug|Any CPU
		Release|Any CPU = Release|Any CPU
	EndGlobalSection
	GlobalSection(ProjectConfigurationPlatforms) = postSolution
		{38BC9296-EB37-4D99-8448-FF9EE6989151}.Debug|Any CPU.ActiveCfg = Debug|Any CPU
		{38BC9296-EB37-4D99-8448-FF9EE6989151}.Debug|Any CPU.Build.0 = Debug|Any CPU
		{38BC9296-EB37-4D99-8448-FF9EE6989151}.Release|Any CPU.ActiveCfg = Release|Any CPU
		{38BC9296-EB37-4D99-8448-FF9EE6989151}.Release|Any CPU.Build.0 = Release|Any CPU
		{40AAB26F-B176-4479-A817-7CE67CB1C464}.Debug|Any CPU.ActiveCfg = Debug|Any CPU
		{40AAB26F-B176-4479-A817-7CE67CB1C464}.Debug|Any CPU.Build.0 = Debug|Any CPU
		{40AAB26F-B176-4479-A817-7CE67CB1C464}.Release|Any CPU.ActiveCfg = Release|Any CPU
		{40AAB26F-B176-4479-A817-7CE67CB1C464}.Release|Any CPU.Build.0 = Release|Any CPU
	EndGlobalSection
	GlobalSection(SolutionProperties) = preSolution
		HideSolutionNode = FALSE
	EndGlobalSection
	GlobalSection(ExtensibilityGlobals) = postSolution
		SolutionGuid = {320C0D3A-566F-4FF5-A9DD-2BCC580421BB}
	EndGlobalSection
EndGlobal
